
Microsoft Visual Studio Solution File, Format Version 12.00
# Visual Studio Version 16
VisualStudioVersion = 16.0.30114.105
MinimumVisualStudioVersion = 10.0.40219.1
Project("{FAE04EC0-301F-11D3-BF4B-00C04F79EFBC}") = "Sorcha.UI.Web", "Sorcha.UI.Web\Sorcha.UI.Web.csproj", "{08546483-83A7-4CB9-BD74-C03614845E27}"
EndProject
Project("{FAE04EC0-301F-11D3-BF4B-00C04F79EFBC}") = "Sorcha.UI.Web.Client", "Sorcha.UI.Web.Client\Sorcha.UI.Web.Client.csproj", "{79B65EDE-BAE0-421D-B6D0-7E2B513D6516}"
EndProject
Project("{FAE04EC0-301F-11D3-BF4B-00C04F79EFBC}") = "Sorcha.UI.Core", "Sorcha.UI.Core\Sorcha.UI.Core.csproj", "{17437244-6313-4B28-8124-CB614F444BEE}"
EndProject
Project("{FAE04EC0-301F-11D3-BF4B-00C04F79EFBC}") = "Sorcha.UI.Components.User", "Sorcha.UI.Components.User\Sorcha.UI.Components.User.csproj", "{8AD3B634-D198-4E3A-BEA2-A166E7B4F6D7}"
EndProject
Project("{FAE04EC0-301F-11D3-BF4B-00C04F79EFBC}") = "Sorcha.Blueprint.Models", "..\..\Common\Sorcha.Blueprint.Models\Sorcha.Blueprint.Models.csproj", "{59F86F58-8597-4192-B161-E3C41F283D72}"
EndProject
Project("{FAE04EC0-301F-11D3-BF4B-00C04F79EFBC}") = "Sorcha.Register.Models", "..\..\Common\Sorcha.Register.Models\Sorcha.Register.Models.csproj", "{E280622A-4B99-4816-BC98-42D936A66798}"
EndProject
Project("{FAE04EC0-301F-11D3-BF4B-00C04F79EFBC}") = "Sorcha.ServiceClients.Http", "..\..\Common\Sorcha.ServiceClients.Http\Sorcha.ServiceClients.Http.csproj", "{03858030-CD23-4E84-AC19-12A0B6839BE3}"
EndProject
Project("{FAE04EC0-301F-11D3-BF4B-00C04F79EFBC}") = "Sorcha.CitizenWallet.Abstractions", "..\..\Common\Sorcha.CitizenWallet.Abstractions\Sorcha.CitizenWallet.Abstractions.csproj", "{DF4ABC30-2CBF-48A6-A792-D082B813DC8C}"
EndProject
Project("{FAE04EC0-301F-11D3-BF4B-00C04F79EFBC}") = "Sorcha.Tenant.Models", "..\..\Common\Sorcha.Tenant.Models\Sorcha.Tenant.Models.csproj", "{40F6BD23-184B-4815-A348-CFD717C5E82D}"
EndProject
Project("{FAE04EC0-301F-11D3-BF4B-00C04F79EFBC}") = "Sorcha.Blueprint.Schemas.Client", "..\..\Core\Sorcha.Blueprint.Schemas.Client\Sorcha.Blueprint.Schemas.Client.csproj", "{AED1935C-A8D4-41AF-9DAD-8BB08C560A31}"
EndProject
Global
	GlobalSection(SolutionConfigurationPlatforms) = preSolution
		Debug|Any CPU = Debug|Any CPU
		Debug|x64 = Debug|x64
		Debug|x86 = Debug|x86
		Release|Any CPU = Release|Any CPU
		Release|x64 = Release|x64
		Release|x86 = Release|x86
	EndGlobalSection
	GlobalSection(ProjectConfigurationPlatforms) = postSolution
		{08546483-83A7-4CB9-BD74-C03614845E27}.Debug|Any CPU.ActiveCfg = Debug|Any CPU
		{08546483-83A7-4CB9-BD74-C03614845E27}.Debug|Any CPU.Build.0 = Debug|Any CPU
		{08546483-83A7-4CB9-BD74-C03614845E27}.Debug|x64.ActiveCfg = Debug|Any CPU
		{08546483-83A7-4CB9-BD74-C03614845E27}.Debug|x64.Build.0 = Debug|Any CPU
		{08546483-83A7-4CB9-BD74-C03614845E27}.Debug|x86.ActiveCfg = Debug|Any CPU
		{08546483-83A7-4CB9-BD74-C03614845E27}.Debug|x86.Build.0 = Debug|Any CPU
		{08546483-83A7-4CB9-BD74-C03614845E27}.Release|Any CPU.ActiveCfg = Release|Any CPU
		{08546483-83A7-4CB9-BD74-C03614845E27}.Release|Any CPU.Build.0 = Release|Any CPU
		{08546483-83A7-4CB9-BD74-C03614845E27}.Release|x64.ActiveCfg = Release|Any CPU
		{08546483-83A7-4CB9-BD74-C03614845E27}.Release|x64.Build.0 = Release|Any CPU
		{08546483-83A7-4CB9-BD74-C03614845E27}.Release|x86.ActiveCfg = Release|Any CPU
		{08546483-83A7-4CB9-BD74-C03614845E27}.Release|x86.Build.0 = Release|Any CPU
		{79B65EDE-BAE0-421D-B6D0-7E2B513D6516}.Debug|Any CPU.ActiveCfg = Debug|Any CPU
		{79B65EDE-BAE0-421D-B6D0-7E2B513D6516}.Debug|Any CPU.Build.0 = Debug|Any CPU
		{79B65EDE-BAE0-421D-B6D0-7E2B513D6516}.Debug|x64.ActiveCfg = Debug|Any CPU
		{79B65EDE-BAE0-421D-B6D0-7E2B513D6516}.Debug|x64.Build.0 = Debug|Any CPU
		{79B65EDE-BAE0-421D-B6D0-7E2B513D6516}.Debug|x86.ActiveCfg = Debug|Any CPU
		{79B65EDE-BAE0-421D-B6D0-7E2B513D6516}.Debug|x86.Build.0 = Debug|Any CPU
		{79B65EDE-BAE0-421D-B6D0-7E2B513D6516}.Release|Any CPU.ActiveCfg = Release|Any CPU
		{79B65EDE-BAE0-421D-B6D0-7E2B513D6516}.Release|Any CPU.Build.0 = Release|Any CPU
		{79B65EDE-BAE0-421D-B6D0-7E2B513D6516}.Release|x64.ActiveCfg = Release|Any CPU
		{79B65EDE-BAE0-421D-B6D0-7E2B513D6516}.Release|x64.Build.0 = Release|Any CPU
		{79B65EDE-BAE0-421D-B6D0-7E2B513D6516}.Release|x86.ActiveCfg = Release|Any CPU
		{79B65EDE-BAE0-421D-B6D0-7E2B513D6516}.Release|x86.Build.0 = Release|Any CPU
		{17437244-6313-4B28-8124-CB614F444BEE}.Debug|Any CPU.ActiveCfg = Debug|Any CPU
		{17437244-6313-4B28-8124-CB614F444BEE}.Debug|Any CPU.Build.0 = Debug|Any CPU
		{17437244-6313-4B28-8124-CB614F444BEE}.Debug|x64.ActiveCfg = Debug|Any CPU
		{17437244-6313-4B28-8124-CB614F444BEE}.Debug|x64.Build.0 = Debug|Any CPU
		{17437244-6313-4B28-8124-CB614F444BEE}.Debug|x86.ActiveCfg = Debug|Any CPU
		{17437244-6313-4B28-8124-CB614F444BEE}.Debug|x86.Build.0 = Debug|Any CPU
		{17437244-6313-4B28-8124-CB614F444BEE}.Release|Any CPU.ActiveCfg = Release|Any CPU
		{17437244-6313-4B28-8124-CB614F444BEE}.Release|Any CPU.Build.0 = Release|Any CPU
		{17437244-6313-4B28-8124-CB614F444BEE}.Release|x64.ActiveCfg = Release|Any CPU
		{17437244-6313-4B28-8124-CB614F444BEE}.Release|x64.Build.0 = Release|Any CPU
		{17437244-6313-4B28-8124-CB614F444BEE}.Release|x86.ActiveCfg = Release|Any CPU
		{17437244-6313-4B28-8124-CB614F444BEE}.Release|x86.Build.0 = Release|Any CPU
		{8AD3B634-D198-4E3A-BEA2-A166E7B4F6D7}.Debug|Any CPU.ActiveCfg = Debug|Any CPU
		{8AD3B634-D198-4E3A-BEA2-A166E7B4F6D7}.Debug|Any CPU.Build.0 = Debug|Any CPU
		{8AD3B634-D198-4E3A-BEA2-A166E7B4F6D7}.Debug|x64.ActiveCfg = Debug|Any CPU
		{8AD3B634-D198-4E3A-BEA2-A166E7B4F6D7}.Debug|x64.Build.0 = Debug|Any CPU
		{8AD3B634-D198-4E3A-BEA2-A166E7B4F6D7}.Debug|x86.ActiveCfg = Debug|Any CPU
		{8AD3B634-D198-4E3A-BEA2-A166E7B4F6D7}.Debug|x86.Build.0 = Debug|Any CPU
		{8AD3B634-D198-4E3A-BEA2-A166E7B4F6D7}.Release|Any CPU.ActiveCfg = Release|Any CPU
		{8AD3B634-D198-4E3A-BEA2-A166E7B4F6D7}.Release|Any CPU.Build.0 = Release|Any CPU
		{8AD3B634-D198-4E3A-BEA2-A166E7B4F6D7}.Release|x64.ActiveCfg = Release|Any CPU
		{8AD3B634-D198-4E3A-BEA2-A166E7B4F6D7}.Release|x64.Build.0 = Release|Any CPU
		{8AD3B634-D198-4E3A-BEA2-A166E7B4F6D7}.Release|x86.ActiveCfg = Release|Any CPU
		{8AD3B634-D198-4E3A-BEA2-A166E7B4F6D7}.Release|x86.Build.0 = Release|Any CPU
		{59F86F58-8597-4192-B161-E3C41F283D72}.Debug|Any CPU.ActiveCfg = Debug|Any CPU
		{59F86F58-8597-4192-B161-E3C41F283D72}.Debug|Any CPU.Build.0 = Debug|Any CPU
		{59F86F58-8597-4192-B161-E3C41F283D72}.Debug|x64.ActiveCfg = Debug|Any CPU
		{59F86F58-8597-4192-B161-E3C41F283D72}.Debug|x64.Build.0 = Debug|Any CPU
		{59F86F58-8597-4192-B161-E3C41F283D72}.Debug|x86.ActiveCfg = Debug|Any CPU
		{59F86F58-8597-4192-B161-E3C41F283D72}.Debug|x86.Build.0 = Debug|Any CPU
		{59F86F58-8597-4192-B161-E3C41F283D72}.Release|Any CPU.ActiveCfg = Release|Any CPU
		{59F86F58-8597-4192-B161-E3C41F283D72}.Release|Any CPU.Build.0 = Release|Any CPU
		{59F86F58-8597-4192-B161-E3C41F283D72}.Release|x64.ActiveCfg = Release|Any CPU
		{59F86F58-8597-4192-B161-E3C41F283D72}.Release|x64.Build.0 = Release|Any CPU
		{59F86F58-8597-4192-B161-E3C41F283D72}.Release|x86.ActiveCfg = Release|Any CPU
		{59F86F58-8597-4192-B161-E3C41F283D72}.Release|x86.Build.0 = Release|Any CPU
		{E280622A-4B99-4816-BC98-42D936A66798}.Debug|Any CPU.ActiveCfg = Debug|Any CPU
		{E280622A-4B99-4816-BC98-42D936A66798}.Debug|Any CPU.Build.0 = Debug|Any CPU
		{E280622A-4B99-4816-BC98-42D936A66798}.Debug|x64.ActiveCfg = Debug|Any CPU
		{E280622A-4B99-4816-BC98-42D936A66798}.Debug|x64.Build.0 = Debug|Any CPU
		{E280622A-4B99-4816-BC98-42D936A66798}.Debug|x86.ActiveCfg = Debug|Any CPU
		{E280622A-4B99-4816-BC98-42D936A66798}.Debug|x86.Build.0 = Debug|Any CPU
		{E280622A-4B99-4816-BC98-42D936A66798}.Release|Any CPU.ActiveCfg = Release|Any CPU
		{E280622A-4B99-4816-BC98-42D936A66798}.Release|Any CPU.Build.0 = Release|Any CPU
		{E280622A-4B99-4816-BC98-42D936A66798}.Release|x64.ActiveCfg = Release|Any CPU
		{E280622A-4B99-4816-BC98-42D936A66798}.Release|x64.Build.0 = Release|Any CPU
		{E280622A-4B99-4816-BC98-42D936A66798}.Release|x86.ActiveCfg = Release|Any CPU
		{E280622A-4B99-4816-BC98-42D936A66798}.Release|x86.Build.0 = Release|Any CPU
		{03858030-CD23-4E84-AC19-12A0B6839BE3}.Debug|Any CPU.ActiveCfg = Debug|Any CPU
		{03858030-CD23-4E84-AC19-12A0B6839BE3}.Debug|Any CPU.Build.0 = Debug|Any CPU
		{03858030-CD23-4E84-AC19-12A0B6839BE3}.Debug|x64.ActiveCfg = Debug|Any CPU
		{03858030-CD23-4E84-AC19-12A0B6839BE3}.Debug|x64.Build.0 = Debug|Any CPU
		{03858030-CD23-4E84-AC19-12A0B6839BE3}.Debug|x86.ActiveCfg = Debug|Any CPU
		{03858030-CD23-4E84-AC19-12A0B6839BE3}.Debug|x86.Build.0 = Debug|Any CPU
		{03858030-CD23-4E84-AC19-12A0B6839BE3}.Release|Any CPU.ActiveCfg = Release|Any CPU
		{03858030-CD23-4E84-AC19-12A0B6839BE3}.Release|Any CPU.Build.0 = Release|Any CPU
		{03858030-CD23-4E84-AC19-12A0B6839BE3}.Release|x64.ActiveCfg = Release|Any CPU
		{03858030-CD23-4E84-AC19-12A0B6839BE3}.Release|x64.Build.0 = Release|Any CPU
		{03858030-CD23-4E84-AC19-12A0B6839BE3}.Release|x86.ActiveCfg = Release|Any CPU
		{03858030-CD23-4E84-AC19-12A0B6839BE3}.Release|x86.Build.0 = Release|Any CPU
		{DF4ABC30-2CBF-48A6-A792-D082B813DC8C}.Debug|Any CPU.ActiveCfg = Debug|Any CPU
		{DF4ABC30-2CBF-48A6-A792-D082B813DC8C}.Debug|Any CPU.Build.0 = Debug|Any CPU
		{DF4ABC30-2CBF-48A6-A792-D082B813DC8C}.Debug|x64.ActiveCfg = Debug|Any CPU
		{DF4ABC30-2CBF-48A6-A792-D082B813DC8C}.Debug|x64.Build.0 = Debug|Any CPU
		{DF4ABC30-2CBF-48A6-A792-D082B813DC8C}.Debug|x86.ActiveCfg = Debug|Any CPU
		{DF4ABC30-2CBF-48A6-A792-D082B813DC8C}.Debug|x86.Build.0 = Debug|Any CPU
		{DF4ABC30-2CBF-48A6-A792-D082B813DC8C}.Release|Any CPU.ActiveCfg = Release|Any CPU
		{DF4ABC30-2CBF-48A6-A792-D082B813DC8C}.Release|Any CPU.Build.0 = Release|Any CPU
		{DF4ABC30-2CBF-48A6-A792-D082B813DC8C}.Release|x64.ActiveCfg = Release|Any CPU
		{DF4ABC30-2CBF-48A6-A792-D082B813DC8C}.Release|x64.Build.0 = Release|Any CPU
		{DF4ABC30-2CBF-48A6-A792-D082B813DC8C}.Release|x86.ActiveCfg = Release|Any CPU
		{DF4ABC30-2CBF-48A6-A792-D082B813DC8C}.Release|x86.Build.0 = Release|Any CPU
		{40F6BD23-184B-4815-A348-CFD717C5E82D}.Debug|Any CPU.ActiveCfg = Debug|Any CPU
		{40F6BD23-184B-4815-A348-CFD717C5E82D}.Debug|Any CPU.Build.0 = Debug|Any CPU
		{40F6BD23-184B-4815-A348-CFD717C5E82D}.Debug|x64.ActiveCfg = Debug|Any CPU
		{40F6BD23-184B-4815-A348-CFD717C5E82D}.Debug|x64.Build.0 = Debug|Any CPU
		{40F6BD23-184B-4815-A348-CFD717C5E82D}.Debug|x86.ActiveCfg = Debug|Any CPU
		{40F6BD23-184B-4815-A348-CFD717C5E82D}.Debug|x86.Build.0 = Debug|Any CPU
		{40F6BD23-184B-4815-A348-CFD717C5E82D}.Release|Any CPU.ActiveCfg = Release|Any CPU
		{40F6BD23-184B-4815-A348-CFD717C5E82D}.Release|Any CPU.Build.0 = Release|Any CPU
		{40F6BD23-184B-4815-A348-CFD717C5E82D}.Release|x64.ActiveCfg = Release|Any CPU
		{40F6BD23-184B-4815-A348-CFD717C5E82D}.Release|x64.Build.0 = Release|Any CPU
		{40F6BD23-184B-4815-A348-CFD717C5E82D}.Release|x86.ActiveCfg = Release|Any CPU
		{40F6BD23-184B-4815-A348-CFD717C5E82D}.Release|x86.Build.0 = Release|Any CPU
		{AED1935C-A8D4-41AF-9DAD-8BB08C560A31}.Debug|Any CPU.ActiveCfg = Debug|Any CPU
		{AED1935C-A8D4-41AF-9DAD-8BB08C560A31}.Debug|Any CPU.Build.0 = Debug|Any CPU
		{AED1935C-A8D4-41AF-9DAD-8BB08C560A31}.Debug|x64.ActiveCfg = Debug|Any CPU
		{AED1935C-A8D4-41AF-9DAD-8BB08C560A31}.Debug|x64.Build.0 = Debug|Any CPU
		{AED1935C-A8D4-41AF-9DAD-8BB08C560A31}.Debug|x86.ActiveCfg = Debug|Any CPU
		{AED1935C-A8D4-41AF-9DAD-8BB08C560A31}.Debug|x86.Build.0 = Debug|Any CPU
		{AED1935C-A8D4-41AF-9DAD-8BB08C560A31}.Release|Any CPU.ActiveCfg = Release|Any CPU
		{AED1935C-A8D4-41AF-9DAD-8BB08C560A31}.Release|Any CPU.Build.0 = Release|Any CPU
		{AED1935C-A8D4-41AF-9DAD-8BB08C560A31}.Release|x64.ActiveCfg = Release|Any CPU
		{AED1935C-A8D4-41AF-9DAD-8BB08C560A31}.Release|x64.Build.0 = Release|Any CPU
		{AED1935C-A8D4-41AF-9DAD-8BB08C560A31}.Release|x86.ActiveCfg = Release|Any CPU
		{AED1935C-A8D4-41AF-9DAD-8BB08C560A31}.Release|x86.Build.0 = Release|Any CPU
	EndGlobalSection
	GlobalSection(SolutionProperties) = preSolution
		HideSolutionNode = FALSE
	EndGlobalSection
EndGlobal
